
Microsoft Visual Studio Solution File, Format Version 12.00
# Visual Studio Version 16
VisualStudioVersion = 25.0.1706.9
MinimumVisualStudioVersion = 10.0.40219.1
Project("{FAE04EC0-301F-11D3-BF4B-00C04F79EFBC}") = "Task1", "Task1\Task1.csproj", "{78268D2E-08AC-4652-9F81-AAE044361715}"
EndProject
Global
	GlobalSection(SolutionConfigurationPlatforms) = preSolution
		Debug|Any CPU = Debug|Any CPU
		Release|Any CPU = Release|Any CPU
	EndGlobalSection
	GlobalSection(ProjectConfigurationPlatforms) = postSolution
		{78268D2E-08AC-4652-9F81-AAE044361715}.Debug|Any CPU.ActiveCfg = Debug|Any CPU
		{78268D2E-08AC-4652-9F81-AAE044361715}.Debug|Any CPU.Build.0 = Debug|Any CPU
		{78268D2E-08AC-4652-9F81-AAE044361715}.Release|Any CPU.ActiveCfg = Release|Any CPU
		{78268D2E-08AC-4652-9F81-AAE044361715}.Release|Any CPU.Build.0 = Release|Any CPU
	EndGlobalSection
	GlobalSection(SolutionProperties) = preSolution
		HideSolutionNode = FALSE
	EndGlobalSection
	GlobalSection(ExtensibilityGlobals) = postSolution
		SolutionGuid = {2FA122B0-4363-4295-869C-20D69A7FC70A}
	EndGlobalSection
EndGlobal
